
Microsoft Visual Studio Solution File, Format Version 12.00
# Visual Studio Version 16
VisualStudioVersion = 16.0.30225.117
MinimumVisualStudioVersion = 10.0.40219.1
Project("{FAE04EC0-301F-11D3-BF4B-00C04F79EFBC}") = "gogglemaps", "gogglemaps.csproj", "{038A5BC8-E500-493A-B3DD-69DB5ACEEAE5}"
EndProject
Global
	GlobalSection(SolutionConfigurationPlatforms) = preSolution
		Debug|Any CPU = Debug|Any CPU
		Release|Any CPU = Release|Any CPU
	EndGlobalSection
	GlobalSection(ProjectConfigurationPlatforms) = postSolution
		{038A5BC8-E500-493A-B3DD-69DB5ACEEAE5}.Debug|Any CPU.ActiveCfg = Debug|Any CPU
		{038A5BC8-E500-493A-B3DD-69DB5ACEEAE5}.Debug|Any CPU.Build.0 = Debug|Any CPU
		{038A5BC8-E500-493A-B3DD-69DB5ACEEAE5}.Release|Any CPU.ActiveCfg = Release|Any CPU
		{038A5BC8-E500-493A-B3DD-69DB5ACEEAE5}.Release|Any CPU.Build.0 = Release|Any CPU
	EndGlobalSection
	GlobalSection(SolutionProperties) = preSolution
		HideSolutionNode = FALSE
	EndGlobalSection
	GlobalSection(ExtensibilityGlobals) = postSolution
		SolutionGuid = {FB413699-C0DE-477D-B0C7-B505A3BF2E02}
	EndGlobalSection
EndGlobal
